
Microsoft Visual Studio Solution File, Format Version 12.00
# Visual Studio 15
VisualStudioVersion = 15.0.27428.2037
MinimumVisualStudioVersion = 10.0.40219.1
Project("{FAE04EC0-301F-11D3-BF4B-00C04F79EFBC}") = "WepApp", "WepApp\WepApp.csproj", "{2B4E39DD-7A21-4FD8-844E-46CA4C03F36E}"
EndProject
Project("{FAE04EC0-301F-11D3-BF4B-00C04F79EFBC}") = "DarkSide", "DarkSide\DarkSide.csproj", "{84C8AB59-1C71-4320-A59E-EE81C9389C7D}"
EndProject
Global
	GlobalSection(SolutionConfigurationPlatforms) = preSolution
		Debug|Any CPU = Debug|Any CPU
		Release|Any CPU = Release|Any CPU
	EndGlobalSection
	GlobalSection(ProjectConfigurationPlatforms) = postSolution
		{2B4E39DD-7A21-4FD8-844E-46CA4C03F36E}.Debug|Any CPU.ActiveCfg = Debug|Any CPU
		{2B4E39DD-7A21-4FD8-844E-46CA4C03F36E}.Debug|Any CPU.Build.0 = Debug|Any CPU
		{2B4E39DD-7A21-4FD8-844E-46CA4C03F36E}.Release|Any CPU.ActiveCfg = Release|Any CPU
		{2B4E39DD-7A21-4FD8-844E-46CA4C03F36E}.Release|Any CPU.Build.0 = Release|Any CPU
		{84C8AB59-1C71-4320-A59E-EE81C9389C7D}.Debug|Any CPU.ActiveCfg = Debug|Any CPU
		{84C8AB59-1C71-4320-A59E-EE81C9389C7D}.Debug|Any CPU.Build.0 = Debug|Any CPU
		{84C8AB59-1C71-4320-A59E-EE81C9389C7D}.Release|Any CPU.ActiveCfg = Release|Any CPU
		{84C8AB59-1C71-4320-A59E-EE81C9389C7D}.Release|Any CPU.Build.0 = Release|Any CPU
	EndGlobalSection
	GlobalSection(SolutionProperties) = preSolution
		HideSolutionNode = FALSE
	EndGlobalSection
	GlobalSection(ExtensibilityGlobals) = postSolution
		SolutionGuid = {FBD0D84A-5EEF-4625-B6AC-BD44F5D7800A}
	EndGlobalSection
EndGlobal
